
Microsoft Visual Studio Solution File, Format Version 12.00
# Visual Studio Version 16
VisualStudioVersion = 16.0.31229.75
MinimumVisualStudioVersion = 10.0.40219.1
Project("{FAE04EC0-301F-11D3-BF4B-00C04F79EFBC}") = "FindADev.ASP", "FindADev\FindADev.ASP.csproj", "{DFF7345B-76F2-473A-9E75-B64FB7BF25F7}"
	ProjectSection(ProjectDependencies) = postProject
		{268B4B4A-D058-4829-BFBC-E4C4B6857687} = {268B4B4A-D058-4829-BFBC-E4C4B6857687}
	EndProjectSection
EndProject
Project("{FAE04EC0-301F-11D3-BF4B-00C04F79EFBC}") = "FindADev.DAL", "FindADev.DAL\FindADev.DAL.csproj", "{268B4B4A-D058-4829-BFBC-E4C4B6857687}"
EndProject
Global
	GlobalSection(SolutionConfigurationPlatforms) = preSolution
		Debug|Any CPU = Debug|Any CPU
		Release|Any CPU = Release|Any CPU
	EndGlobalSection
	GlobalSection(ProjectConfigurationPlatforms) = postSolution
		{DFF7345B-76F2-473A-9E75-B64FB7BF25F7}.Debug|Any CPU.ActiveCfg = Debug|Any CPU
		{DFF7345B-76F2-473A-9E75-B64FB7BF25F7}.Debug|Any CPU.Build.0 = Debug|Any CPU
		{DFF7345B-76F2-473A-9E75-B64FB7BF25F7}.Release|Any CPU.ActiveCfg = Release|Any CPU
		{DFF7345B-76F2-473A-9E75-B64FB7BF25F7}.Release|Any CPU.Build.0 = Release|Any CPU
		{268B4B4A-D058-4829-BFBC-E4C4B6857687}.Debug|Any CPU.ActiveCfg = Debug|Any CPU
		{268B4B4A-D058-4829-BFBC-E4C4B6857687}.Debug|Any CPU.Build.0 = Debug|Any CPU
		{268B4B4A-D058-4829-BFBC-E4C4B6857687}.Release|Any CPU.ActiveCfg = Release|Any CPU
		{268B4B4A-D058-4829-BFBC-E4C4B6857687}.Release|Any CPU.Build.0 = Release|Any CPU
	EndGlobalSection
	GlobalSection(SolutionProperties) = preSolution
		HideSolutionNode = FALSE
	EndGlobalSection
	GlobalSection(ExtensibilityGlobals) = postSolution
		SolutionGuid = {1F2D7893-3CB1-451C-A79C-75CEC57F2874}
	EndGlobalSection
EndGlobal
